
Microsoft Visual Studio Solution File, Format Version 12.00
# Visual Studio Version 16
VisualStudioVersion = 16.0.30907.101
MinimumVisualStudioVersion = 10.0.40219.1
Project("{FAE04EC0-301F-11D3-BF4B-00C04F79EFBC}") = "PetriNetsConsole", "PetriNetsConsole\PetriNetsConsole.csproj", "{61DD4B1B-0B52-4CFF-80A4-16B7C6048587}"
EndProject
Global
	GlobalSection(SolutionConfigurationPlatforms) = preSolution
		Debug|Any CPU = Debug|Any CPU
		Release|Any CPU = Release|Any CPU
	EndGlobalSection
	GlobalSection(ProjectConfigurationPlatforms) = postSolution
		{61DD4B1B-0B52-4CFF-80A4-16B7C6048587}.Debug|Any CPU.ActiveCfg = Debug|Any CPU
		{61DD4B1B-0B52-4CFF-80A4-16B7C6048587}.Debug|Any CPU.Build.0 = Debug|Any CPU
		{61DD4B1B-0B52-4CFF-80A4-16B7C6048587}.Release|Any CPU.ActiveCfg = Release|Any CPU
		{61DD4B1B-0B52-4CFF-80A4-16B7C6048587}.Release|Any CPU.Build.0 = Release|Any CPU
	EndGlobalSection
	GlobalSection(SolutionProperties) = preSolution
		HideSolutionNode = FALSE
	EndGlobalSection
	GlobalSection(ExtensibilityGlobals) = postSolution
		SolutionGuid = {94089FC6-7F17-4613-B14E-ACDC8086244D}
	EndGlobalSection
EndGlobal
